
Microsoft Visual Studio Solution File, Format Version 12.00
# Visual Studio Version 16
VisualStudioVersion = 16.0.31729.503
MinimumVisualStudioVersion = 10.0.40219.1
Project("{FAE04EC0-301F-11D3-BF4B-00C04F79EFBC}") = "Dockita", "Dockita\Dockita.csproj", "{E82EBDC3-73AC-436F-8CE6-4EC8D2AECC21}"
EndProject
Global
	GlobalSection(SolutionConfigurationPlatforms) = preSolution
		Debug|Any CPU = Debug|Any CPU
		Release|Any CPU = Release|Any CPU
	EndGlobalSection
	GlobalSection(ProjectConfigurationPlatforms) = postSolution
		{E82EBDC3-73AC-436F-8CE6-4EC8D2AECC21}.Debug|Any CPU.ActiveCfg = Debug|Any CPU
		{E82EBDC3-73AC-436F-8CE6-4EC8D2AECC21}.Debug|Any CPU.Build.0 = Debug|Any CPU
		{E82EBDC3-73AC-436F-8CE6-4EC8D2AECC21}.Release|Any CPU.ActiveCfg = Release|Any CPU
		{E82EBDC3-73AC-436F-8CE6-4EC8D2AECC21}.Release|Any CPU.Build.0 = Release|Any CPU
	EndGlobalSection
	GlobalSection(SolutionProperties) = preSolution
		HideSolutionNode = FALSE
	EndGlobalSection
	GlobalSection(ExtensibilityGlobals) = postSolution
		SolutionGuid = {9332B9C1-B7C7-49C2-B6BD-EBEB84C019D0}
	EndGlobalSection
EndGlobal
